
Microsoft Visual Studio Solution File, Format Version 12.00
# Visual Studio 14
VisualStudioVersion = 14.0.25420.1
MinimumVisualStudioVersion = 10.0.40219.1
Project("{FAE04EC0-301F-11D3-BF4B-00C04F79EFBC}") = "MainEngineAlfa", "MainEngineAlfa\MainEngineAlfa.csproj", "{2C03697B-C9E7-482E-BB75-8D9F98B7858C}"
EndProject
Project("{FAE04EC0-301F-11D3-BF4B-00C04F79EFBC}") = "DataObjects", "DataObjects\DataObjects.csproj", "{B6190807-C36F-4CB9-99FC-BDC818ED31CE}"
EndProject
Project("{FAE04EC0-301F-11D3-BF4B-00C04F79EFBC}") = "DataObjectTests", "DataObjectTests\DataObjectTests.csproj", "{14E564F3-A44F-419A-996F-109898832CA1}"
EndProject
Project("{FAE04EC0-301F-11D3-BF4B-00C04F79EFBC}") = "Debug.DLL", "Debug.DLL\Debug.DLL.csproj", "{B0ABA939-59F7-4936-8341-EF84E3886C12}"
EndProject
Project("{FAE04EC0-301F-11D3-BF4B-00C04F79EFBC}") = "Engine.dll", "Engine.dll\Engine.dll.csproj", "{FD4281B1-8958-4C5D-B5D0-B13BDEDFE507}"
EndProject
Global
	GlobalSection(SolutionConfigurationPlatforms) = preSolution
		Debug|Any CPU = Debug|Any CPU
		Release|Any CPU = Release|Any CPU
	EndGlobalSection
	GlobalSection(ProjectConfigurationPlatforms) = postSolution
		{2C03697B-C9E7-482E-BB75-8D9F98B7858C}.Debug|Any CPU.ActiveCfg = Debug|Any CPU
		{2C03697B-C9E7-482E-BB75-8D9F98B7858C}.Debug|Any CPU.Build.0 = Debug|Any CPU
		{2C03697B-C9E7-482E-BB75-8D9F98B7858C}.Release|Any CPU.ActiveCfg = Release|Any CPU
		{2C03697B-C9E7-482E-BB75-8D9F98B7858C}.Release|Any CPU.Build.0 = Release|Any CPU
		{B6190807-C36F-4CB9-99FC-BDC818ED31CE}.Debug|Any CPU.ActiveCfg = Debug|Any CPU
		{B6190807-C36F-4CB9-99FC-BDC818ED31CE}.Debug|Any CPU.Build.0 = Debug|Any CPU
		{B6190807-C36F-4CB9-99FC-BDC818ED31CE}.Release|Any CPU.ActiveCfg = Release|Any CPU
		{B6190807-C36F-4CB9-99FC-BDC818ED31CE}.Release|Any CPU.Build.0 = Release|Any CPU
		{14E564F3-A44F-419A-996F-109898832CA1}.Debug|Any CPU.ActiveCfg = Debug|Any CPU
		{14E564F3-A44F-419A-996F-109898832CA1}.Debug|Any CPU.Build.0 = Debug|Any CPU
		{14E564F3-A44F-419A-996F-109898832CA1}.Release|Any CPU.ActiveCfg = Release|Any CPU
		{14E564F3-A44F-419A-996F-109898832CA1}.Release|Any CPU.Build.0 = Release|Any CPU
		{B0ABA939-59F7-4936-8341-EF84E3886C12}.Debug|Any CPU.ActiveCfg = Debug|Any CPU
		{B0ABA939-59F7-4936-8341-EF84E3886C12}.Debug|Any CPU.Build.0 = Debug|Any CPU
		{B0ABA939-59F7-4936-8341-EF84E3886C12}.Release|Any CPU.ActiveCfg = Release|Any CPU
		{B0ABA939-59F7-4936-8341-EF84E3886C12}.Release|Any CPU.Build.0 = Release|Any CPU
		{FD4281B1-8958-4C5D-B5D0-B13BDEDFE507}.Debug|Any CPU.ActiveCfg = Debug|Any CPU
		{FD4281B1-8958-4C5D-B5D0-B13BDEDFE507}.Debug|Any CPU.Build.0 = Debug|Any CPU
		{FD4281B1-8958-4C5D-B5D0-B13BDEDFE507}.Release|Any CPU.ActiveCfg = Release|Any CPU
		{FD4281B1-8958-4C5D-B5D0-B13BDEDFE507}.Release|Any CPU.Build.0 = Release|Any CPU
	EndGlobalSection
	GlobalSection(SolutionProperties) = preSolution
		HideSolutionNode = FALSE
	EndGlobalSection
EndGlobal
